// !$*UTF8*$!
{
	archiveVersion = 1;
	classes = {
	};
	objectVersion = 46;
	objects = {

/* Begin PBXBuildFile section */
		3644D846155034AF0007826D /* UIKit.framework in Frameworks */ = {isa = PBXBuildFile; fileRef = 3644D845155034AF0007826D /* UIKit.framework */; };
		3644D848155034AF0007826D /* Foundation.framework in Frameworks */ = {isa = PBXBuildFile; fileRef = 3644D847155034AF0007826D /* Foundation.framework */; };
		3644D84A155034AF0007826D /* CoreGraphics.framework in Frameworks */ = {isa = PBXBuildFile; fileRef = 3644D849155034AF0007826D /* CoreGraphics.framework */; };
		3644D850155034AF0007826D /* InfoPlist.strings in Resources */ = {isa = PBXBuildFile; fileRef = 3644D84E155034AF0007826D /* InfoPlist.strings */; };
		3644D852155034AF0007826D /* main.m in Sources */ = {isa = PBXBuildFile; fileRef = 3644D851155034AF0007826D /* main.m */; };
		3644D856155034AF0007826D /* AppDelegate.m in Sources */ = {isa = PBXBuildFile; fileRef = 3644D855155034AF0007826D /* AppDelegate.m */; };
		3644D859155034AF0007826D /* ViewController.m in Sources */ = {isa = PBXBuildFile; fileRef = 3644D858155034AF0007826D /* ViewController.m */; };
		3644D85C155034AF0007826D /* ViewController.xib in Resources */ = {isa = PBXBuildFile; fileRef = 3644D85A155034AF0007826D /* ViewController.xib */; };
/* End PBXBuildFile section */

/* Begin PBXFileReference section */
		3644D841155034AF0007826D /* testRepository.app */ = {isa = PBXFileReference; explicitFileType = wrapper.application; includeInIndex = 0; path = testRepository.app; sourceTree = BUILT_PRODUCTS_DIR; };
		3644D845155034AF0007826D /* UIKit.framework */ = {isa = PBXFileReference; lastKnownFileType = wrapper.framework; name = UIKit.framework; path = System/Library/Frameworks/UIKit.framework; sourceTree = SDKROOT; };
		3644D847155034AF0007826D /* Foundation.framework */ = {isa = PBXFileReference; lastKnownFileType = wrapper.framework; name = Foundation.framework; path = System/Library/Frameworks/Foundation.framework; sourceTree = SDKROOT; };
		3644D849155034AF0007826D /* CoreGraphics.framework */ = {isa = PBXFileReference; lastKnownFileType = wrapper.framework; name = CoreGraphics.framework; path = System/Library/Frameworks/CoreGraphics.framework; sourceTree = SDKROOT; };
		3644D84D155034AF0007826D /* testRepository-Info.plist */ = {isa = PBXFileReference; path = "testRepository-Info.plist"; sourceTree = "<group>"; };
		3644D84F155034AF0007826D /* en */ = {isa = PBXFileReference; lastKnownFileType = text.plist.strings; name = en; path = en.lproj/InfoPlist.strings; sourceTree = "<group>"; };
		3644D851155034AF0007826D /* main.m */ = {isa = PBXFileReference; lastKnownFileType = sourcecode.c.objc; path = main.m; sourceTree = "<group>"; };
		3644D853155034AF0007826D /* testRepository-Prefix.pch */ = {isa = PBXFileReference; path = "testRepository-Prefix.pch"; sourceTree = "<group>"; };
		3644D854155034AF0007826D /* AppDelegate.h */ = {isa = PBXFileReference; path = AppDelegate.h; sourceTree = "<group>"; };
		3644D855155034AF0007826D /* AppDelegate.m */ = {isa = PBXFileReference; lastKnownFileType = sourcecode.c.objc; path = AppDelegate.m; sourceTree = "<group>"; };
		3644D857155034AF0007826D /* ViewController.h */ = {isa = PBXFileReference; path = ViewController.h; sourceTree = "<group>"; };
		3644D858155034AF0007826D /* ViewController.m */ = {isa = PBXFileReference; lastKnownFileType = sourcecode.c.objc; path = ViewController.m; sourceTree = "<group>"; };
		3644D85B155034AF0007826D /* en */ = {isa = PBXFileReference; lastKnownFileType = file.xib; name = en; path = en.lproj/ViewController.xib; sourceTree = "<group>"; };
/* End PBXFileReference section */

/* Begin PBXFrameworksBuildPhase section */
		3644D83E155034AF0007826D /* Frameworks */ = {
			isa = PBXFrameworksBuildPhase;
			buildActionMask = 2147483647;
			files = (
				3644D846155034AF0007826D /* UIKit.framework in Frameworks */,
				3644D848155034AF0007826D /* Foundation.framework in Frameworks */,
				3644D84A155034AF0007826D /* CoreGraphics.framework in Frameworks */,
			);
			runOnlyForDeploymentPostprocessing = 0;
		};
/* End PBXFrameworksBuildPhase section */

/* Begin PBXGroup section */
		3644D836155034AF0007826D = {
			isa = PBXGroup;
			children = (
				3644D84B155034AF0007826D /* testRepository */,
				3644D844155034AF0007826D /* Frameworks */,
				3644D842155034AF0007826D /* Products */,
			);
			sourceTree = "<group>";
		};
		3644D842155034AF0007826D /* Products */ = {
			isa = PBXGroup;
			children = (
				3644D841155034AF0007826D /* testRepository.app */,
			);
			name = Products;
			sourceTree = "<group>";
		};
		3644D844155034AF0007826D /* Frameworks */ = {
			isa = PBXGroup;
			children = (
				3644D845155034AF0007826D /* UIKit.framework */,
				3644D847155034AF0007826D /* Foundation.framework */,
				3644D849155034AF0007826D /* CoreGraphics.framework */,
			);
			name = Frameworks;
			sourceTree = "<group>";
		};
		3644D84B155034AF0007826D /* testRepository */ = {
			isa = PBXGroup;
			children = (
				3644D854155034AF0007826D /* AppDelegate.h */,
				3644D855155034AF0007826D /* AppDelegate.m */,
				3644D857155034AF0007826D /* ViewController.h */,
				3644D858155034AF0007826D /* ViewController.m */,
				3644D85A155034AF0007826D /* ViewController.xib */,
				3644D84C155034AF0007826D /* Supporting Files */,
			);
			path = testRepository;
			sourceTree = "<group>";
		};
		3644D84C155034AF0007826D /* Supporting Files */ = {
			isa = PBXGroup;
			children = (
				3644D84D155034AF0007826D /* testRepository-Info.plist */,
				3644D84E155034AF0007826D /* InfoPlist.strings */,
				3644D851155034AF0007826D /* main.m */,
				3644D853155034AF0007826D /* testRepository-Prefix.pch */,
			);
			name = "Supporting Files";
			sourceTree = "<group>";
		};
/* End PBXGroup section */

/* Begin PBXNativeTarget section */
		3644D840155034AF0007826D /* testRepository */ = {
			isa = PBXNativeTarget;
			buildConfigurationList = 3644D85F155034AF0007826D /* Build configuration list for PBXNativeTarget "testRepository" */;
			buildPhases = (
				3644D83D155034AF0007826D /* Sources */,
				3644D83E155034AF0007826D /* Frameworks */,
				3644D83F155034AF0007826D /* Resources */,
			);
			buildRules = (
			);
			dependencies = (
			);
			name = testRepository;
			productName = testRepository;
			productReference = 3644D841155034AF0007826D /* testRepository.app */;
			productType = "com.apple.product-type.application";
		};
/* End PBXNativeTarget section */

/* Begin PBXProject section */
		3644D838155034AF0007826D /* Project object */ = {
			isa = PBXProject;
			attributes = {
				LastUpgradeCheck = 0430;
			};
			buildConfigurationList = 3644D83B155034AF0007826D /* Build configuration list for PBXProject "testRepository" */;
			compatibilityVersion = "Xcode 3.2";
			developmentRegion = English;
			hasScannedForEncodings = 0;
			knownRegions = (
				en,
			);
			mainGroup = 3644D836155034AF0007826D;
			productRefGroup = 3644D842155034AF0007826D /* Products */;
			projectDirPath = "";
			projectRoot = "";
			targets = (
				3644D840155034AF0007826D /* testRepository */,
			);
		};
/* End PBXProject section */

/* Begin PBXResourcesBuildPhase section */
		3644D83F155034AF0007826D /* Resources */ = {
			isa = PBXResourcesBuildPhase;
			buildActionMask = 2147483647;
			files = (
				3644D850155034AF0007826D /* InfoPlist.strings in Resources */,
				3644D85C155034AF0007826D /* ViewController.xib in Resources */,
			);
			runOnlyForDeploymentPostprocessing = 0;
		};
/* End PBXResourcesBuildPhase section */

/* Begin PBXSourcesBuildPhase section */
		3644D83D155034AF0007826D /* Sources */ = {
			isa = PBXSourcesBuildPhase;
			buildActionMask = 2147483647;
			files = (
				3644D852155034AF0007826D /* main.m in Sources */,
				3644D856155034AF0007826D /* AppDelegate.m in Sources */,
				3644D859155034AF0007826D /* ViewController.m in Sources */,
			);
			runOnlyForDeploymentPostprocessing = 0;
		};
/* End PBXSourcesBuildPhase section */

/* Begin PBXVariantGroup section */
		3644D84E155034AF0007826D /* InfoPlist.strings */ = {
			isa = PBXVariantGroup;
			children = (
				3644D84F155034AF0007826D /* en */,
			);
			name = InfoPlist.strings;
			sourceTree = "<group>";
		};
		3644D85A155034AF0007826D /* ViewController.xib */ = {
			isa = PBXVariantGroup;
			children = (
				3644D85B155034AF0007826D /* en */,
			);
			name = ViewController.xib;
			sourceTree = "<group>";
		};
/* End PBXVariantGroup section */

/* Begin XCBuildConfiguration section */
		3644D85D155034AF0007826D /* Debug */ = {
			isa = XCBuildConfiguration;
			buildSettings = {
				ALWAYS_SEARCH_USER_PATHS = NO;
				ARCHS = "$(ARCHS_STANDARD_32_BIT)";
				CLANG_ENABLE_OBJC_ARC = YES;
				"CODE_SIGN_IDENTITY[sdk=iphoneos*]" = "iPhone Developer";
				COPY_PHASE_STRIP = NO;
				GCC_C_LANGUAGE_STANDARD = gnu99;
				GCC_DYNAMIC_NO_PIC = NO;
				GCC_OPTIMIZATION_LEVEL = 0;
				GCC_PREPROCESSOR_DEFINITIONS = (
					"DEBUG=1",
					"$(inherited)",
				);
				GCC_SYMBOLS_PRIVATE_EXTERN = NO;
				GCC_VERSION = com.apple.compilers.llvm.clang.1_0;
				GCC_WARN_ABOUT_RETURN_TYPE = YES;
				GCC_WARN_UNINITIALIZED_AUTOS = YES;
				GCC_WARN_UNUSED_VARIABLE = YES;
				IPHONEOS_DEPLOYMENT_TARGET = 5.1;
				SDKROOT = iphoneos;
			};
			name = Debug;
		};
		3644D85E155034AF0007826D /* Release */ = {
			isa = XCBuildConfiguration;
			buildSettings = {
				ALWAYS_SEARCH_USER_PATHS = NO;
				ARCHS = "$(ARCHS_STANDARD_32_BIT)";
				CLANG_ENABLE_OBJC_ARC = YES;
				"CODE_SIGN_IDENTITY[sdk=iphoneos*]" = "iPhone Developer";
				COPY_PHASE_STRIP = YES;
				GCC_C_LANGUAGE_STANDARD = gnu99;
				GCC_VERSION = com.apple.compilers.llvm.clang.1_0;
				GCC_WARN_ABOUT_RETURN_TYPE = YES;
				GCC_WARN_UNINITIALIZED_AUTOS = YES;
				GCC_WARN_UNUSED_VARIABLE = YES;
				IPHONEOS_DEPLOYMENT_TARGET = 5.1;
				OTHER_CFLAGS = "-DNS_BLOCK_ASSERTIONS=1";
				SDKROOT = iphoneos;
				VALIDATE_PRODUCT = YES;
			};
			name = Release;
		};
		3644D860155034AF0007826D /* Debug */ = {
			isa = XCBuildConfiguration;
			buildSettings = {
				GCC_PRECOMPILE_PREFIX_HEADER = YES;
				GCC_PREFIX_HEADER = "testRepository/testRepository-Prefix.pch";
				INFOPLIST_FILE = "testRepository/testRepository-Info.plist";
				PRODUCT_NAME = "$(TARGET_NAME)";
				WRAPPER_EXTENSION = app;
			};
			name = Debug;
		};
		3644D861155034AF0007826D /* Release */ = {
			isa = XCBuildConfiguration;
			buildSettings = {
				GCC_PRECOMPILE_PREFIX_HEADER = YES;
				GCC_PREFIX_HEADER = "testRepository/testRepository-Prefix.pch";
				INFOPLIST_FILE = "testRepository/testRepository-Info.plist";
				PRODUCT_NAME = "$(TARGET_NAME)";
				WRAPPER_EXTENSION = app;
			};
			name = Release;
		};
/* End XCBuildConfiguration section */

/* Begin XCConfigurationList section */
		3644D83B155034AF0007826D /* Build configuration list for PBXProject "testRepository" */ = {
			isa = XCConfigurationList;
			buildConfigurations = (
				3644D85D155034AF0007826D /* Debug */,
				3644D85E155034AF0007826D /* Release */,
			);
			defaultConfigurationIsVisible = 0;
			defaultConfigurationName = Release;
		};
		3644D85F155034AF0007826D /* Build configuration list for PBXNativeTarget "testRepository" */ = {
			isa = XCConfigurationList;
			buildConfigurations = (
				3644D860155034AF0007826D /* Debug */,
				3644D861155034AF0007826D /* Release */,
			);
			defaultConfigurationIsVisible = 0;
		};
/* End XCConfigurationList section */
	};
	rootObject = 3644D838155034AF0007826D /* Project object */;
}
